// !$*UTF8*$!
{
	archiveVersion = 1;
	classes = {
	};
	objectVersion = 56;
	objects = {

/* Begin PBXBuildFile section */
		860930342AE551ED00A37B3F /* LoginViewModel.swift in Sources */ = {isa = PBXBuildFile; fileRef = 860930332AE551ED00A37B3F /* LoginViewModel.swift */; };
		861141312AE2A8F800550521 /* AppDelegate.swift in Sources */ = {isa = PBXBuildFile; fileRef = 861141302AE2A8F800550521 /* AppDelegate.swift */; };
		861141332AE2A8F800550521 /* SceneDelegate.swift in Sources */ = {isa = PBXBuildFile; fileRef = 861141322AE2A8F800550521 /* SceneDelegate.swift */; };
		861141352AE2A8F800550521 /* ViewController.swift in Sources */ = {isa = PBXBuildFile; fileRef = 861141342AE2A8F800550521 /* ViewController.swift */; };
		8611413A2AE2A8F900550521 /* Assets.xcassets in Resources */ = {isa = PBXBuildFile; fileRef = 861141392AE2A8F900550521 /* Assets.xcassets */; };
		8611413D2AE2A8F900550521 /* LaunchScreen.storyboard in Resources */ = {isa = PBXBuildFile; fileRef = 8611413B2AE2A8F900550521 /* LaunchScreen.storyboard */; };
		8611414B2AE2AAFF00550521 /* ConversationViewController.swift in Sources */ = {isa = PBXBuildFile; fileRef = 8611414A2AE2AAFF00550521 /* ConversationViewController.swift */; };
		8681A1582AEA485B008C0E5A /* User.swift in Sources */ = {isa = PBXBuildFile; fileRef = 8681A1572AEA485B008C0E5A /* User.swift */; };
		8681A15A2AEA48C3008C0E5A /* Service.swift in Sources */ = {isa = PBXBuildFile; fileRef = 8681A1592AEA48C3008C0E5A /* Service.swift */; };
		86AE87792AE8019A001B9D14 /* UserCell.swift in Sources */ = {isa = PBXBuildFile; fileRef = 86AE87782AE8019A001B9D14 /* UserCell.swift */; };
		86B3F8792AE6BAC8000F3330 /* GoogleService-Info.plist in Resources */ = {isa = PBXBuildFile; fileRef = 86B3F8782AE6BAC8000F3330 /* GoogleService-Info.plist */; };
		86B3F8B32AE6BC01000F3330 /* SDWebImage in Frameworks */ = {isa = PBXBuildFile; productRef = 86B3F8B22AE6BC01000F3330 /* SDWebImage */; };
		86B3F8B52AE6BC01000F3330 /* SDWebImageMapKit in Frameworks */ = {isa = PBXBuildFile; productRef = 86B3F8B42AE6BC01000F3330 /* SDWebImageMapKit */; };
		86B3F8B82AE6BC3B000F3330 /* JGProgressHUD in Frameworks */ = {isa = PBXBuildFile; productRef = 86B3F8B72AE6BC3B000F3330 /* JGProgressHUD */; };
		86B3F8BB2AE6BF7E000F3330 /* FirebaseAnalyticsWithoutAdIdSupport in Frameworks */ = {isa = PBXBuildFile; productRef = 86B3F8BA2AE6BF7E000F3330 /* FirebaseAnalyticsWithoutAdIdSupport */; };
		86B3F8BD2AE6BF7E000F3330 /* FirebaseAppCheck in Frameworks */ = {isa = PBXBuildFile; productRef = 86B3F8BC2AE6BF7E000F3330 /* FirebaseAppCheck */; };
		86B3F8BF2AE6BF7E000F3330 /* FirebaseAuth in Frameworks */ = {isa = PBXBuildFile; productRef = 86B3F8BE2AE6BF7E000F3330 /* FirebaseAuth */; };
		86B3F8C12AE6BF7E000F3330 /* FirebaseDatabase in Frameworks */ = {isa = PBXBuildFile; productRef = 86B3F8C02AE6BF7E000F3330 /* FirebaseDatabase */; };
		86B3F8C32AE6BF7E000F3330 /* FirebaseDatabaseSwift in Frameworks */ = {isa = PBXBuildFile; productRef = 86B3F8C22AE6BF7E000F3330 /* FirebaseDatabaseSwift */; };
		86B3F8C52AE6BF7E000F3330 /* FirebaseFirestore in Frameworks */ = {isa = PBXBuildFile; productRef = 86B3F8C42AE6BF7E000F3330 /* FirebaseFirestore */; };
		86B3F8C72AE6BF7E000F3330 /* FirebaseFirestoreSwift in Frameworks */ = {isa = PBXBuildFile; productRef = 86B3F8C62AE6BF7E000F3330 /* FirebaseFirestoreSwift */; };
		86B3F8C92AE6BF7E000F3330 /* FirebaseStorage in Frameworks */ = {isa = PBXBuildFile; productRef = 86B3F8C82AE6BF7E000F3330 /* FirebaseStorage */; };
		86B3F8CB2AE6E4CA000F3330 /* FirebaseAnalyticsWithoutAdIdSupport in Frameworks */ = {isa = PBXBuildFile; productRef = 86B3F8CA2AE6E4CA000F3330 /* FirebaseAnalyticsWithoutAdIdSupport */; };
		86B3F8CD2AE6E4CA000F3330 /* FirebaseAppCheck in Frameworks */ = {isa = PBXBuildFile; productRef = 86B3F8CC2AE6E4CA000F3330 /* FirebaseAppCheck */; };
		86B3F8CF2AE6E4CA000F3330 /* FirebaseAppDistribution-Beta in Frameworks */ = {isa = PBXBuildFile; productRef = 86B3F8CE2AE6E4CA000F3330 /* FirebaseAppDistribution-Beta */; };
		86B3F8D12AE6E4CA000F3330 /* FirebaseAuth in Frameworks */ = {isa = PBXBuildFile; productRef = 86B3F8D02AE6E4CA000F3330 /* FirebaseAuth */; };
		86B3F8D32AE6E4CA000F3330 /* FirebaseDatabase in Frameworks */ = {isa = PBXBuildFile; productRef = 86B3F8D22AE6E4CA000F3330 /* FirebaseDatabase */; };
		86B3F8D52AE6E4CA000F3330 /* FirebaseDatabaseSwift in Frameworks */ = {isa = PBXBuildFile; productRef = 86B3F8D42AE6E4CA000F3330 /* FirebaseDatabaseSwift */; };
		86B3F8D72AE6E4CA000F3330 /* FirebaseFirestore in Frameworks */ = {isa = PBXBuildFile; productRef = 86B3F8D62AE6E4CA000F3330 /* FirebaseFirestore */; };
		86B3F8D92AE6E4CA000F3330 /* FirebaseFirestoreSwift in Frameworks */ = {isa = PBXBuildFile; productRef = 86B3F8D82AE6E4CA000F3330 /* FirebaseFirestoreSwift */; };
		86B3F8DB2AE6E4CA000F3330 /* FirebaseFunctions in Frameworks */ = {isa = PBXBuildFile; productRef = 86B3F8DA2AE6E4CA000F3330 /* FirebaseFunctions */; };
		86B3F8DD2AE6E4CA000F3330 /* FirebasePerformance in Frameworks */ = {isa = PBXBuildFile; productRef = 86B3F8DC2AE6E4CA000F3330 /* FirebasePerformance */; };
		86B3F8DF2AE6E4CA000F3330 /* FirebaseRemoteConfig in Frameworks */ = {isa = PBXBuildFile; productRef = 86B3F8DE2AE6E4CA000F3330 /* FirebaseRemoteConfig */; };
		86B3F8E12AE6E4CA000F3330 /* FirebaseRemoteConfigSwift in Frameworks */ = {isa = PBXBuildFile; productRef = 86B3F8E02AE6E4CA000F3330 /* FirebaseRemoteConfigSwift */; };
		86B3F8E32AE6E4CA000F3330 /* FirebaseStorage in Frameworks */ = {isa = PBXBuildFile; productRef = 86B3F8E22AE6E4CA000F3330 /* FirebaseStorage */; };
		86B3F8E52AE6E4CA000F3330 /* FirebaseStorageCombine-Community in Frameworks */ = {isa = PBXBuildFile; productRef = 86B3F8E42AE6E4CA000F3330 /* FirebaseStorageCombine-Community */; };
		86BDA00F2AE3E01800823551 /* Extension.swift in Sources */ = {isa = PBXBuildFile; fileRef = 86BDA00E2AE3E01800823551 /* Extension.swift */; };
		86BDA0112AE3ED3F00823551 /* InputContainerView.swift in Sources */ = {isa = PBXBuildFile; fileRef = 86BDA0102AE3ED3F00823551 /* InputContainerView.swift */; };
		86BDA0132AE3F40F00823551 /* CustomTextField.swift in Sources */ = {isa = PBXBuildFile; fileRef = 86BDA0122AE3F40F00823551 /* CustomTextField.swift */; };
		86D6C4692AE7C4B4004029DE /* AuthService.swift in Sources */ = {isa = PBXBuildFile; fileRef = 86D6C4682AE7C4B4004029DE /* AuthService.swift */; };
		86D6C46B2AE7F080004029DE /* NewMessageController.swift in Sources */ = {isa = PBXBuildFile; fileRef = 86D6C46A2AE7F080004029DE /* NewMessageController.swift */; };
		86E8E0612AE6A0E800C5986E /* RegistrationViewModel.swift in Sources */ = {isa = PBXBuildFile; fileRef = 86E8E0602AE6A0E800C5986E /* RegistrationViewModel.swift */; };
		86F879282AE2D6C6008F7193 /* LoginViewController.swift in Sources */ = {isa = PBXBuildFile; fileRef = 86F879272AE2D6C6008F7193 /* LoginViewController.swift */; };
		86F8792A2AE2D6EF008F7193 /* RegistrationViewController.swift in Sources */ = {isa = PBXBuildFile; fileRef = 86F879292AE2D6EF008F7193 /* RegistrationViewController.swift */; };
/* End PBXBuildFile section */

/* Begin PBXFileReference section */
		860930332AE551ED00A37B3F /* LoginViewModel.swift */ = {isa = PBXFileReference; lastKnownFileType = sourcecode.swift; path = LoginViewModel.swift; sourceTree = "<group>"; };
		8611412D2AE2A8F800550521 /* FireChat.app */ = {isa = PBXFileReference; explicitFileType = wrapper.application; includeInIndex = 0; path = FireChat.app; sourceTree = BUILT_PRODUCTS_DIR; };
		861141302AE2A8F800550521 /* AppDelegate.swift */ = {isa = PBXFileReference; lastKnownFileType = sourcecode.swift; path = AppDelegate.swift; sourceTree = "<group>"; };
		861141322AE2A8F800550521 /* SceneDelegate.swift */ = {isa = PBXFileReference; lastKnownFileType = sourcecode.swift; path = SceneDelegate.swift; sourceTree = "<group>"; };
		861141342AE2A8F800550521 /* ViewController.swift */ = {isa = PBXFileReference; lastKnownFileType = sourcecode.swift; path = ViewController.swift; sourceTree = "<group>"; };
		861141392AE2A8F900550521 /* Assets.xcassets */ = {isa = PBXFileReference; lastKnownFileType = folder.assetcatalog; path = Assets.xcassets; sourceTree = "<group>"; };
		8611413C2AE2A8F900550521 /* Base */ = {isa = PBXFileReference; lastKnownFileType = file.storyboard; name = Base; path = Base.lproj/LaunchScreen.storyboard; sourceTree = "<group>"; };
		8611413E2AE2A8F900550521 /* Info.plist */ = {isa = PBXFileReference; lastKnownFileType = text.plist.xml; path = Info.plist; sourceTree = "<group>"; };
		8611414A2AE2AAFF00550521 /* ConversationViewController.swift */ = {isa = PBXFileReference; lastKnownFileType = sourcecode.swift; path = ConversationViewController.swift; sourceTree = "<group>"; };
		8681A1572AEA485B008C0E5A /* User.swift */ = {isa = PBXFileReference; lastKnownFileType = sourcecode.swift; path = User.swift; sourceTree = "<group>"; };
		8681A1592AEA48C3008C0E5A /* Service.swift */ = {isa = PBXFileReference; lastKnownFileType = sourcecode.swift; path = Service.swift; sourceTree = "<group>"; };
		86AE87782AE8019A001B9D14 /* UserCell.swift */ = {isa = PBXFileReference; lastKnownFileType = sourcecode.swift; path = UserCell.swift; sourceTree = "<group>"; };
		86B3F8782AE6BAC8000F3330 /* GoogleService-Info.plist */ = {isa = PBXFileReference; fileEncoding = 4; lastKnownFileType = text.plist.xml; path = "GoogleService-Info.plist"; sourceTree = "<group>"; };
		86BDA00E2AE3E01800823551 /* Extension.swift */ = {isa = PBXFileReference; lastKnownFileType = sourcecode.swift; path = Extension.swift; sourceTree = "<group>"; };
		86BDA0102AE3ED3F00823551 /* InputContainerView.swift */ = {isa = PBXFileReference; lastKnownFileType = sourcecode.swift; path = InputContainerView.swift; sourceTree = "<group>"; };
		86BDA0122AE3F40F00823551 /* CustomTextField.swift */ = {isa = PBXFileReference; lastKnownFileType = sourcecode.swift; path = CustomTextField.swift; sourceTree = "<group>"; };
		86D6C4682AE7C4B4004029DE /* AuthService.swift */ = {isa = PBXFileReference; lastKnownFileType = sourcecode.swift; path = AuthService.swift; sourceTree = "<group>"; };
		86D6C46A2AE7F080004029DE /* NewMessageController.swift */ = {isa = PBXFileReference; lastKnownFileType = sourcecode.swift; path = NewMessageController.swift; sourceTree = "<group>"; };
		86E8E0602AE6A0E800C5986E /* RegistrationViewModel.swift */ = {isa = PBXFileReference; lastKnownFileType = sourcecode.swift; path = RegistrationViewModel.swift; sourceTree = "<group>"; };
		86F879272AE2D6C6008F7193 /* LoginViewController.swift */ = {isa = PBXFileReference; lastKnownFileType = sourcecode.swift; path = LoginViewController.swift; sourceTree = "<group>"; };
		86F879292AE2D6EF008F7193 /* RegistrationViewController.swift */ = {isa = PBXFileReference; lastKnownFileType = sourcecode.swift; path = RegistrationViewController.swift; sourceTree = "<group>"; };
/* End PBXFileReference section */

/* Begin PBXFrameworksBuildPhase section */
		8611412A2AE2A8F800550521 /* Frameworks */ = {
			isa = PBXFrameworksBuildPhase;
			buildActionMask = 2147483647;
			files = (
				86B3F8C32AE6BF7E000F3330 /* FirebaseDatabaseSwift in Frameworks */,
				86B3F8D12AE6E4CA000F3330 /* FirebaseAuth in Frameworks */,
				86B3F8CD2AE6E4CA000F3330 /* FirebaseAppCheck in Frameworks */,
				86B3F8B52AE6BC01000F3330 /* SDWebImageMapKit in Frameworks */,
				86B3F8BF2AE6BF7E000F3330 /* FirebaseAuth in Frameworks */,
				86B3F8E32AE6E4CA000F3330 /* FirebaseStorage in Frameworks */,
				86B3F8D92AE6E4CA000F3330 /* FirebaseFirestoreSwift in Frameworks */,
				86B3F8D72AE6E4CA000F3330 /* FirebaseFirestore in Frameworks */,
				86B3F8DB2AE6E4CA000F3330 /* FirebaseFunctions in Frameworks */,
				86B3F8B82AE6BC3B000F3330 /* JGProgressHUD in Frameworks */,
				86B3F8D32AE6E4CA000F3330 /* FirebaseDatabase in Frameworks */,
				86B3F8B32AE6BC01000F3330 /* SDWebImage in Frameworks */,
				86B3F8DF2AE6E4CA000F3330 /* FirebaseRemoteConfig in Frameworks */,
				86B3F8C72AE6BF7E000F3330 /* FirebaseFirestoreSwift in Frameworks */,
				86B3F8CF2AE6E4CA000F3330 /* FirebaseAppDistribution-Beta in Frameworks */,
				86B3F8C52AE6BF7E000F3330 /* FirebaseFirestore in Frameworks */,
				86B3F8DD2AE6E4CA000F3330 /* FirebasePerformance in Frameworks */,
				86B3F8CB2AE6E4CA000F3330 /* FirebaseAnalyticsWithoutAdIdSupport in Frameworks */,
				86B3F8BD2AE6BF7E000F3330 /* FirebaseAppCheck in Frameworks */,
				86B3F8E12AE6E4CA000F3330 /* FirebaseRemoteConfigSwift in Frameworks */,
				86B3F8C92AE6BF7E000F3330 /* FirebaseStorage in Frameworks */,
				86B3F8D52AE6E4CA000F3330 /* FirebaseDatabaseSwift in Frameworks */,
				86B3F8E52AE6E4CA000F3330 /* FirebaseStorageCombine-Community in Frameworks */,
				86B3F8C12AE6BF7E000F3330 /* FirebaseDatabase in Frameworks */,
				86B3F8BB2AE6BF7E000F3330 /* FirebaseAnalyticsWithoutAdIdSupport in Frameworks */,
			);
			runOnlyForDeploymentPostprocessing = 0;
		};
/* End PBXFrameworksBuildPhase section */

/* Begin PBXGroup section */
		861141242AE2A8F800550521 = {
			isa = PBXGroup;
			children = (
				8611412F2AE2A8F800550521 /* FireChat */,
				8611412E2AE2A8F800550521 /* Products */,
			);
			sourceTree = "<group>";
		};
		8611412E2AE2A8F800550521 /* Products */ = {
			isa = PBXGroup;
			children = (
				8611412D2AE2A8F800550521 /* FireChat.app */,
			);
			name = Products;
			sourceTree = "<group>";
		};
		8611412F2AE2A8F800550521 /* FireChat */ = {
			isa = PBXGroup;
			children = (
				8681A1562AEA4851008C0E5A /* Models */,
				86B3F8782AE6BAC8000F3330 /* GoogleService-Info.plist */,
				861141492AE2AABB00550521 /* Utilits */,
				861141482AE2AAB900550521 /* ViewModels */,
				861141472AE2AAB700550521 /* Controllers */,
				861141462AE2AAB600550521 /* API */,
				861141452AE2AAB500550521 /* Views */,
				861141302AE2A8F800550521 /* AppDelegate.swift */,
				861141322AE2A8F800550521 /* SceneDelegate.swift */,
				861141342AE2A8F800550521 /* ViewController.swift */,
				861141392AE2A8F900550521 /* Assets.xcassets */,
				8611413B2AE2A8F900550521 /* LaunchScreen.storyboard */,
				8611413E2AE2A8F900550521 /* Info.plist */,
			);
			path = FireChat;
			sourceTree = "<group>";
		};
		861141452AE2AAB500550521 /* Views */ = {
			isa = PBXGroup;
			children = (
				86BDA0102AE3ED3F00823551 /* InputContainerView.swift */,
				86BDA0122AE3F40F00823551 /* CustomTextField.swift */,
				86AE87782AE8019A001B9D14 /* UserCell.swift */,
			);
			path = Views;
			sourceTree = "<group>";
		};
		861141462AE2AAB600550521 /* API */ = {
			isa = PBXGroup;
			children = (
				86D6C4682AE7C4B4004029DE /* AuthService.swift */,
				8681A1592AEA48C3008C0E5A /* Service.swift */,
			);
			path = API;
			sourceTree = "<group>";
		};
		861141472AE2AAB700550521 /* Controllers */ = {
			isa = PBXGroup;
			children = (
				86F879262AE2D6A8008F7193 /* Authentication */,
				8611414A2AE2AAFF00550521 /* ConversationViewController.swift */,
				86D6C46A2AE7F080004029DE /* NewMessageController.swift */,
			);
			path = Controllers;
			sourceTree = "<group>";
		};
		861141482AE2AAB900550521 /* ViewModels */ = {
			isa = PBXGroup;
			children = (
				860930332AE551ED00A37B3F /* LoginViewModel.swift */,
				86E8E0602AE6A0E800C5986E /* RegistrationViewModel.swift */,
			);
			path = ViewModels;
			sourceTree = "<group>";
		};
		861141492AE2AABB00550521 /* Utilits */ = {
			isa = PBXGroup;
			children = (
				86BDA00E2AE3E01800823551 /* Extension.swift */,
			);
			path = Utilits;
			sourceTree = "<group>";
		};
		8681A1562AEA4851008C0E5A /* Models */ = {
			isa = PBXGroup;
			children = (
				8681A1572AEA485B008C0E5A /* User.swift */,
			);
			path = Models;
			sourceTree = "<group>";
		};
		86F879262AE2D6A8008F7193 /* Authentication */ = {
			isa = PBXGroup;
			children = (
				86F879272AE2D6C6008F7193 /* LoginViewController.swift */,
				86F879292AE2D6EF008F7193 /* RegistrationViewController.swift */,
			);
			path = Authentication;
			sourceTree = "<group>";
		};
/* End PBXGroup section */

/* Begin PBXNativeTarget section */
		8611412C2AE2A8F800550521 /* FireChat */ = {
			isa = PBXNativeTarget;
			buildConfigurationList = 861141412AE2A8F900550521 /* Build configuration list for PBXNativeTarget "FireChat" */;
			buildPhases = (
				861141292AE2A8F800550521 /* Sources */,
				8611412A2AE2A8F800550521 /* Frameworks */,
				8611412B2AE2A8F800550521 /* Resources */,
			);
			buildRules = (
			);
			dependencies = (
			);
			name = FireChat;
			packageProductDependencies = (
				86B3F8B22AE6BC01000F3330 /* SDWebImage */,
				86B3F8B42AE6BC01000F3330 /* SDWebImageMapKit */,
				86B3F8B72AE6BC3B000F3330 /* JGProgressHUD */,
				86B3F8BA2AE6BF7E000F3330 /* FirebaseAnalyticsWithoutAdIdSupport */,
				86B3F8BC2AE6BF7E000F3330 /* FirebaseAppCheck */,
				86B3F8BE2AE6BF7E000F3330 /* FirebaseAuth */,
				86B3F8C02AE6BF7E000F3330 /* FirebaseDatabase */,
				86B3F8C22AE6BF7E000F3330 /* FirebaseDatabaseSwift */,
				86B3F8C42AE6BF7E000F3330 /* FirebaseFirestore */,
				86B3F8C62AE6BF7E000F3330 /* FirebaseFirestoreSwift */,
				86B3F8C82AE6BF7E000F3330 /* FirebaseStorage */,
				86B3F8CA2AE6E4CA000F3330 /* FirebaseAnalyticsWithoutAdIdSupport */,
				86B3F8CC2AE6E4CA000F3330 /* FirebaseAppCheck */,
				86B3F8CE2AE6E4CA000F3330 /* FirebaseAppDistribution-Beta */,
				86B3F8D02AE6E4CA000F3330 /* FirebaseAuth */,
				86B3F8D22AE6E4CA000F3330 /* FirebaseDatabase */,
				86B3F8D42AE6E4CA000F3330 /* FirebaseDatabaseSwift */,
				86B3F8D62AE6E4CA000F3330 /* FirebaseFirestore */,
				86B3F8D82AE6E4CA000F3330 /* FirebaseFirestoreSwift */,
				86B3F8DA2AE6E4CA000F3330 /* FirebaseFunctions */,
				86B3F8DC2AE6E4CA000F3330 /* FirebasePerformance */,
				86B3F8DE2AE6E4CA000F3330 /* FirebaseRemoteConfig */,
				86B3F8E02AE6E4CA000F3330 /* FirebaseRemoteConfigSwift */,
				86B3F8E22AE6E4CA000F3330 /* FirebaseStorage */,
				86B3F8E42AE6E4CA000F3330 /* FirebaseStorageCombine-Community */,
			);
			productName = FireChat;
			productReference = 8611412D2AE2A8F800550521 /* FireChat.app */;
			productType = "com.apple.product-type.application";
		};
/* End PBXNativeTarget section */

/* Begin PBXProject section */
		861141252AE2A8F800550521 /* Project object */ = {
			isa = PBXProject;
			attributes = {
				BuildIndependentTargetsInParallel = 1;
				LastSwiftUpdateCheck = 1430;
				LastUpgradeCheck = 1500;
				TargetAttributes = {
					8611412C2AE2A8F800550521 = {
						CreatedOnToolsVersion = 14.3.1;
					};
				};
			};
			buildConfigurationList = 861141282AE2A8F800550521 /* Build configuration list for PBXProject "FireChat" */;
			compatibilityVersion = "Xcode 14.0";
			developmentRegion = en;
			hasScannedForEncodings = 0;
			knownRegions = (
				en,
				Base,
			);
			mainGroup = 861141242AE2A8F800550521;
			packageReferences = (
				86B3F8B12AE6BC01000F3330 /* XCRemoteSwiftPackageReference "SDWebImage" */,
				86B3F8B62AE6BC3B000F3330 /* XCRemoteSwiftPackageReference "JGProgressHUD" */,
				86B3F8B92AE6BF7E000F3330 /* XCRemoteSwiftPackageReference "firebase-ios-sdk" */,
			);
			productRefGroup = 8611412E2AE2A8F800550521 /* Products */;
			projectDirPath = "";
			projectRoot = "";
			targets = (
				8611412C2AE2A8F800550521 /* FireChat */,
			);
		};
/* End PBXProject section */

/* Begin PBXResourcesBuildPhase section */
		8611412B2AE2A8F800550521 /* Resources */ = {
			isa = PBXResourcesBuildPhase;
			buildActionMask = 2147483647;
			files = (
				8611413D2AE2A8F900550521 /* LaunchScreen.storyboard in Resources */,
				8611413A2AE2A8F900550521 /* Assets.xcassets in Resources */,
				86B3F8792AE6BAC8000F3330 /* GoogleService-Info.plist in Resources */,
			);
			runOnlyForDeploymentPostprocessing = 0;
		};
/* End PBXResourcesBuildPhase section */

/* Begin PBXSourcesBuildPhase section */
		861141292AE2A8F800550521 /* Sources */ = {
			isa = PBXSourcesBuildPhase;
			buildActionMask = 2147483647;
			files = (
				86F8792A2AE2D6EF008F7193 /* RegistrationViewController.swift in Sources */,
				86E8E0612AE6A0E800C5986E /* RegistrationViewModel.swift in Sources */,
				86BDA0112AE3ED3F00823551 /* InputContainerView.swift in Sources */,
				86D6C4692AE7C4B4004029DE /* AuthService.swift in Sources */,
				861141352AE2A8F800550521 /* ViewController.swift in Sources */,
				86BDA00F2AE3E01800823551 /* Extension.swift in Sources */,
				86AE87792AE8019A001B9D14 /* UserCell.swift in Sources */,
				861141312AE2A8F800550521 /* AppDelegate.swift in Sources */,
				8681A1582AEA485B008C0E5A /* User.swift in Sources */,
				8681A15A2AEA48C3008C0E5A /* Service.swift in Sources */,
				8611414B2AE2AAFF00550521 /* ConversationViewController.swift in Sources */,
				86F879282AE2D6C6008F7193 /* LoginViewController.swift in Sources */,
				861141332AE2A8F800550521 /* SceneDelegate.swift in Sources */,
				860930342AE551ED00A37B3F /* LoginViewModel.swift in Sources */,
				86BDA0132AE3F40F00823551 /* CustomTextField.swift in Sources */,
				86D6C46B2AE7F080004029DE /* NewMessageController.swift in Sources */,
			);
			runOnlyForDeploymentPostprocessing = 0;
		};
/* End PBXSourcesBuildPhase section */

/* Begin PBXVariantGroup section */
		8611413B2AE2A8F900550521 /* LaunchScreen.storyboard */ = {
			isa = PBXVariantGroup;
			children = (
				8611413C2AE2A8F900550521 /* Base */,
			);
			name = LaunchScreen.storyboard;
			sourceTree = "<group>";
		};
/* End PBXVariantGroup section */

/* Begin XCBuildConfiguration section */
		8611413F2AE2A8F900550521 /* Debug */ = {
			isa = XCBuildConfiguration;
			buildSettings = {
				ALWAYS_SEARCH_USER_PATHS = NO;
				CLANG_ANALYZER_NONNULL = YES;
				CLANG_ANALYZER_NUMBER_OBJECT_CONVERSION = YES_AGGRESSIVE;
				CLANG_CXX_LANGUAGE_STANDARD = "gnu++20";
				CLANG_ENABLE_MODULES = YES;
				CLANG_ENABLE_OBJC_ARC = YES;
				CLANG_ENABLE_OBJC_WEAK = YES;
				CLANG_WARN_BLOCK_CAPTURE_AUTORELEASING = YES;
				CLANG_WARN_BOOL_CONVERSION = YES;
				CLANG_WARN_COMMA = YES;
				CLANG_WARN_CONSTANT_CONVERSION = YES;
				CLANG_WARN_DEPRECATED_OBJC_IMPLEMENTATIONS = YES;
				CLANG_WARN_DIRECT_OBJC_ISA_USAGE = YES_ERROR;
				CLANG_WARN_DOCUMENTATION_COMMENTS = YES;
				CLANG_WARN_EMPTY_BODY = YES;
				CLANG_WARN_ENUM_CONVERSION = YES;
				CLANG_WARN_INFINITE_RECURSION = YES;
				CLANG_WARN_INT_CONVERSION = YES;
				CLANG_WARN_NON_LITERAL_NULL_CONVERSION = YES;
				CLANG_WARN_OBJC_IMPLICIT_RETAIN_SELF = YES;
				CLANG_WARN_OBJC_LITERAL_CONVERSION = YES;
				CLANG_WARN_OBJC_ROOT_CLASS = YES_ERROR;
				CLANG_WARN_QUOTED_INCLUDE_IN_FRAMEWORK_HEADER = YES;
				CLANG_WARN_RANGE_LOOP_ANALYSIS = YES;
				CLANG_WARN_STRICT_PROTOTYPES = YES;
				CLANG_WARN_SUSPICIOUS_MOVE = YES;
				CLANG_WARN_UNGUARDED_AVAILABILITY = YES_AGGRESSIVE;
				CLANG_WARN_UNREACHABLE_CODE = YES;
				CLANG_WARN__DUPLICATE_METHOD_MATCH = YES;
				COPY_PHASE_STRIP = NO;
				DEBUG_INFORMATION_FORMAT = dwarf;
				ENABLE_STRICT_OBJC_MSGSEND = YES;
				ENABLE_TESTABILITY = YES;
				ENABLE_USER_SCRIPT_SANDBOXING = YES;
				GCC_C_LANGUAGE_STANDARD = gnu11;
				GCC_DYNAMIC_NO_PIC = NO;
				GCC_NO_COMMON_BLOCKS = YES;
				GCC_OPTIMIZATION_LEVEL = 0;
				GCC_PREPROCESSOR_DEFINITIONS = (
					"DEBUG=1",
					"$(inherited)",
				);
				GCC_WARN_64_TO_32_BIT_CONVERSION = YES;
				GCC_WARN_ABOUT_RETURN_TYPE = YES_ERROR;
				GCC_WARN_UNDECLARED_SELECTOR = YES;
				GCC_WARN_UNINITIALIZED_AUTOS = YES_AGGRESSIVE;
				GCC_WARN_UNUSED_FUNCTION = YES;
				GCC_WARN_UNUSED_VARIABLE = YES;
				IPHONEOS_DEPLOYMENT_TARGET = 16.4;
				MTL_ENABLE_DEBUG_INFO = INCLUDE_SOURCE;
				MTL_FAST_MATH = YES;
				ONLY_ACTIVE_ARCH = YES;
				SDKROOT = iphoneos;
				SWIFT_ACTIVE_COMPILATION_CONDITIONS = DEBUG;
				SWIFT_OPTIMIZATION_LEVEL = "-Onone";
			};
			name = Debug;
		};
		861141402AE2A8F900550521 /* Release */ = {
			isa = XCBuildConfiguration;
			buildSettings = {
				ALWAYS_SEARCH_USER_PATHS = NO;
				CLANG_ANALYZER_NONNULL = YES;
				CLANG_ANALYZER_NUMBER_OBJECT_CONVERSION = YES_AGGRESSIVE;
				CLANG_CXX_LANGUAGE_STANDARD = "gnu++20";
				CLANG_ENABLE_MODULES = YES;
				CLANG_ENABLE_OBJC_ARC = YES;
				CLANG_ENABLE_OBJC_WEAK = YES;
				CLANG_WARN_BLOCK_CAPTURE_AUTORELEASING = YES;
				CLANG_WARN_BOOL_CONVERSION = YES;
				CLANG_WARN_COMMA = YES;
				CLANG_WARN_CONSTANT_CONVERSION = YES;
				CLANG_WARN_DEPRECATED_OBJC_IMPLEMENTATIONS = YES;
				CLANG_WARN_DIRECT_OBJC_ISA_USAGE = YES_ERROR;
				CLANG_WARN_DOCUMENTATION_COMMENTS = YES;
				CLANG_WARN_EMPTY_BODY = YES;
				CLANG_WARN_ENUM_CONVERSION = YES;
				CLANG_WARN_INFINITE_RECURSION = YES;
				CLANG_WARN_INT_CONVERSION = YES;
				CLANG_WARN_NON_LITERAL_NULL_CONVERSION = YES;
				CLANG_WARN_OBJC_IMPLICIT_RETAIN_SELF = YES;
				CLANG_WARN_OBJC_LITERAL_CONVERSION = YES;
				CLANG_WARN_OBJC_ROOT_CLASS = YES_ERROR;
				CLANG_WARN_QUOTED_INCLUDE_IN_FRAMEWORK_HEADER = YES;
				CLANG_WARN_RANGE_LOOP_ANALYSIS = YES;
				CLANG_WARN_STRICT_PROTOTYPES = YES;
				CLANG_WARN_SUSPICIOUS_MOVE = YES;
				CLANG_WARN_UNGUARDED_AVAILABILITY = YES_AGGRESSIVE;
				CLANG_WARN_UNREACHABLE_CODE = YES;
				CLANG_WARN__DUPLICATE_METHOD_MATCH = YES;
				COPY_PHASE_STRIP = NO;
				DEBUG_INFORMATION_FORMAT = "dwarf-with-dsym";
				ENABLE_NS_ASSERTIONS = NO;
				ENABLE_STRICT_OBJC_MSGSEND = YES;
				ENABLE_USER_SCRIPT_SANDBOXING = YES;
				GCC_C_LANGUAGE_STANDARD = gnu11;
				GCC_NO_COMMON_BLOCKS = YES;
				GCC_WARN_64_TO_32_BIT_CONVERSION = YES;
				GCC_WARN_ABOUT_RETURN_TYPE = YES_ERROR;
				GCC_WARN_UNDECLARED_SELECTOR = YES;
				GCC_WARN_UNINITIALIZED_AUTOS = YES_AGGRESSIVE;
				GCC_WARN_UNUSED_FUNCTION = YES;
				GCC_WARN_UNUSED_VARIABLE = YES;
				IPHONEOS_DEPLOYMENT_TARGET = 16.4;
				MTL_ENABLE_DEBUG_INFO = NO;
				MTL_FAST_MATH = YES;
				SDKROOT = iphoneos;
				SWIFT_COMPILATION_MODE = wholemodule;
				SWIFT_OPTIMIZATION_LEVEL = "-O";
				VALIDATE_PRODUCT = YES;
			};
			name = Release;
		};
		861141422AE2A8F900550521 /* Debug */ = {
			isa = XCBuildConfiguration;
			buildSettings = {
				ASSETCATALOG_COMPILER_APPICON_NAME = AppIcon;
				ASSETCATALOG_COMPILER_GLOBAL_ACCENT_COLOR_NAME = AccentColor;
				CODE_SIGN_STYLE = Automatic;
				CURRENT_PROJECT_VERSION = 1;
				GENERATE_INFOPLIST_FILE = YES;
				INFOPLIST_FILE = FireChat/Info.plist;
				INFOPLIST_KEY_NSAppleMusicUsageDescription = "This app want to see your photo";
				INFOPLIST_KEY_UIApplicationSupportsIndirectInputEvents = YES;
				INFOPLIST_KEY_UILaunchStoryboardName = LaunchScreen;
				INFOPLIST_KEY_UIStatusBarStyle = UIStatusBarStyleLightContent;
				INFOPLIST_KEY_UISupportedInterfaceOrientations = UIInterfaceOrientationPortrait;
				INFOPLIST_KEY_UISupportedInterfaceOrientations_iPad = "UIInterfaceOrientationLandscapeLeft UIInterfaceOrientationLandscapeRight UIInterfaceOrientationPortrait UIInterfaceOrientationPortraitUpsideDown";
				IPHONEOS_DEPLOYMENT_TARGET = 14.0;
				LD_RUNPATH_SEARCH_PATHS = (
					"$(inherited)",
					"@executable_path/Frameworks",
				);
				MARKETING_VERSION = 1.0;
				PRODUCT_BUNDLE_IDENTIFIER = RazumovPV.FireChat;
				PRODUCT_NAME = "$(TARGET_NAME)";
				SUPPORTED_PLATFORMS = "iphoneos iphonesimulator";
				SUPPORTS_MACCATALYST = NO;
				SUPPORTS_MAC_DESIGNED_FOR_IPHONE_IPAD = NO;
				SWIFT_EMIT_LOC_STRINGS = YES;
				SWIFT_VERSION = 5.0;
				TARGETED_DEVICE_FAMILY = 1;
			};
			name = Debug;
		};
		861141432AE2A8F900550521 /* Release */ = {
			isa = XCBuildConfiguration;
			buildSettings = {
				ASSETCATALOG_COMPILER_APPICON_NAME = AppIcon;
				ASSETCATALOG_COMPILER_GLOBAL_ACCENT_COLOR_NAME = AccentColor;
				CODE_SIGN_STYLE = Automatic;
				CURRENT_PROJECT_VERSION = 1;
				GENERATE_INFOPLIST_FILE = YES;
				INFOPLIST_FILE = FireChat/Info.plist;
				INFOPLIST_KEY_NSAppleMusicUsageDescription = "This app want to see your photo";
				INFOPLIST_KEY_UIApplicationSupportsIndirectInputEvents = YES;
				INFOPLIST_KEY_UILaunchStoryboardName = LaunchScreen;
				INFOPLIST_KEY_UIStatusBarStyle = UIStatusBarStyleLightContent;
				INFOPLIST_KEY_UISupportedInterfaceOrientations = UIInterfaceOrientationPortrait;
				INFOPLIST_KEY_UISupportedInterfaceOrientations_iPad = "UIInterfaceOrientationLandscapeLeft UIInterfaceOrientationLandscapeRight UIInterfaceOrientationPortrait UIInterfaceOrientationPortraitUpsideDown";
				IPHONEOS_DEPLOYMENT_TARGET = 14.0;
				LD_RUNPATH_SEARCH_PATHS = (
					"$(inherited)",
					"@executable_path/Frameworks",
				);
				MARKETING_VERSION = 1.0;
				PRODUCT_BUNDLE_IDENTIFIER = RazumovPV.FireChat;
				PRODUCT_NAME = "$(TARGET_NAME)";
				SUPPORTED_PLATFORMS = "iphoneos iphonesimulator";
				SUPPORTS_MACCATALYST = NO;
				SUPPORTS_MAC_DESIGNED_FOR_IPHONE_IPAD = NO;
				SWIFT_EMIT_LOC_STRINGS = YES;
				SWIFT_VERSION = 5.0;
				TARGETED_DEVICE_FAMILY = 1;
			};
			name = Release;
		};
/* End XCBuildConfiguration section */

/* Begin XCConfigurationList section */
		861141282AE2A8F800550521 /* Build configuration list for PBXProject "FireChat" */ = {
			isa = XCConfigurationList;
			buildConfigurations = (
				8611413F2AE2A8F900550521 /* Debug */,
				861141402AE2A8F900550521 /* Release */,
			);
			defaultConfigurationIsVisible = 0;
			defaultConfigurationName = Release;
		};
		861141412AE2A8F900550521 /* Build configuration list for PBXNativeTarget "FireChat" */ = {
			isa = XCConfigurationList;
			buildConfigurations = (
				861141422AE2A8F900550521 /* Debug */,
				861141432AE2A8F900550521 /* Release */,
			);
			defaultConfigurationIsVisible = 0;
			defaultConfigurationName = Release;
		};
/* End XCConfigurationList section */

/* Begin XCRemoteSwiftPackageReference section */
		86B3F8B12AE6BC01000F3330 /* XCRemoteSwiftPackageReference "SDWebImage" */ = {
			isa = XCRemoteSwiftPackageReference;
			repositoryURL = "https://github.com/SDWebImage/SDWebImage.git";
			requirement = {
				kind = upToNextMajorVersion;
				minimumVersion = 5.18.3;
			};
		};
		86B3F8B62AE6BC3B000F3330 /* XCRemoteSwiftPackageReference "JGProgressHUD" */ = {
			isa = XCRemoteSwiftPackageReference;
			repositoryURL = "https://github.com/JonasGessner/JGProgressHUD?ysclid=lo3013iwuu548657260";
			requirement = {
				kind = upToNextMajorVersion;
				minimumVersion = 2.2.0;
			};
		};
		86B3F8B92AE6BF7E000F3330 /* XCRemoteSwiftPackageReference "firebase-ios-sdk" */ = {
			isa = XCRemoteSwiftPackageReference;
			repositoryURL = "https://github.com/firebase/firebase-ios-sdk";
			requirement = {
				kind = upToNextMajorVersion;
				minimumVersion = 10.16.0;
			};
		};
/* End XCRemoteSwiftPackageReference section */

/* Begin XCSwiftPackageProductDependency section */
		86B3F8B22AE6BC01000F3330 /* SDWebImage */ = {
			isa = XCSwiftPackageProductDependency;
			package = 86B3F8B12AE6BC01000F3330 /* XCRemoteSwiftPackageReference "SDWebImage" */;
			productName = SDWebImage;
		};
		86B3F8B42AE6BC01000F3330 /* SDWebImageMapKit */ = {
			isa = XCSwiftPackageProductDependency;
			package = 86B3F8B12AE6BC01000F3330 /* XCRemoteSwiftPackageReference "SDWebImage" */;
			productName = SDWebImageMapKit;
		};
		86B3F8B72AE6BC3B000F3330 /* JGProgressHUD */ = {
			isa = XCSwiftPackageProductDependency;
			package = 86B3F8B62AE6BC3B000F3330 /* XCRemoteSwiftPackageReference "JGProgressHUD" */;
			productName = JGProgressHUD;
		};
		86B3F8BA2AE6BF7E000F3330 /* FirebaseAnalyticsWithoutAdIdSupport */ = {
			isa = XCSwiftPackageProductDependency;
			package = 86B3F8B92AE6BF7E000F3330 /* XCRemoteSwiftPackageReference "firebase-ios-sdk" */;
			productName = FirebaseAnalyticsWithoutAdIdSupport;
		};
		86B3F8BC2AE6BF7E000F3330 /* FirebaseAppCheck */ = {
			isa = XCSwiftPackageProductDependency;
			package = 86B3F8B92AE6BF7E000F3330 /* XCRemoteSwiftPackageReference "firebase-ios-sdk" */;
			productName = FirebaseAppCheck;
		};
		86B3F8BE2AE6BF7E000F3330 /* FirebaseAuth */ = {
			isa = XCSwiftPackageProductDependency;
			package = 86B3F8B92AE6BF7E000F3330 /* XCRemoteSwiftPackageReference "firebase-ios-sdk" */;
			productName = FirebaseAuth;
		};
		86B3F8C02AE6BF7E000F3330 /* FirebaseDatabase */ = {
			isa = XCSwiftPackageProductDependency;
			package = 86B3F8B92AE6BF7E000F3330 /* XCRemoteSwiftPackageReference "firebase-ios-sdk" */;
			productName = FirebaseDatabase;
		};
		86B3F8C22AE6BF7E000F3330 /* FirebaseDatabaseSwift */ = {
			isa = XCSwiftPackageProductDependency;
			package = 86B3F8B92AE6BF7E000F3330 /* XCRemoteSwiftPackageReference "firebase-ios-sdk" */;
			productName = FirebaseDatabaseSwift;
		};
		86B3F8C42AE6BF7E000F3330 /* FirebaseFirestore */ = {
			isa = XCSwiftPackageProductDependency;
			package = 86B3F8B92AE6BF7E000F3330 /* XCRemoteSwiftPackageReference "firebase-ios-sdk" */;
			productName = FirebaseFirestore;
		};
		86B3F8C62AE6BF7E000F3330 /* FirebaseFirestoreSwift */ = {
			isa = XCSwiftPackageProductDependency;
			package = 86B3F8B92AE6BF7E000F3330 /* XCRemoteSwiftPackageReference "firebase-ios-sdk" */;
			productName = FirebaseFirestoreSwift;
		};
		86B3F8C82AE6BF7E000F3330 /* FirebaseStorage */ = {
			isa = XCSwiftPackageProductDependency;
			package = 86B3F8B92AE6BF7E000F3330 /* XCRemoteSwiftPackageReference "firebase-ios-sdk" */;
			productName = FirebaseStorage;
		};
		86B3F8CA2AE6E4CA000F3330 /* FirebaseAnalyticsWithoutAdIdSupport */ = {
			isa = XCSwiftPackageProductDependency;
			package = 86B3F8B92AE6BF7E000F3330 /* XCRemoteSwiftPackageReference "firebase-ios-sdk" */;
			productName = FirebaseAnalyticsWithoutAdIdSupport;
		};
		86B3F8CC2AE6E4CA000F3330 /* FirebaseAppCheck */ = {
			isa = XCSwiftPackageProductDependency;
			package = 86B3F8B92AE6BF7E000F3330 /* XCRemoteSwiftPackageReference "firebase-ios-sdk" */;
			productName = FirebaseAppCheck;
		};
		86B3F8CE2AE6E4CA000F3330 /* FirebaseAppDistribution-Beta */ = {
			isa = XCSwiftPackageProductDependency;
			package = 86B3F8B92AE6BF7E000F3330 /* XCRemoteSwiftPackageReference "firebase-ios-sdk" */;
			productName = "FirebaseAppDistribution-Beta";
		};
		86B3F8D02AE6E4CA000F3330 /* FirebaseAuth */ = {
			isa = XCSwiftPackageProductDependency;
			package = 86B3F8B92AE6BF7E000F3330 /* XCRemoteSwiftPackageReference "firebase-ios-sdk" */;
			productName = FirebaseAuth;
		};
		86B3F8D22AE6E4CA000F3330 /* FirebaseDatabase */ = {
			isa = XCSwiftPackageProductDependency;
			package = 86B3F8B92AE6BF7E000F3330 /* XCRemoteSwiftPackageReference "firebase-ios-sdk" */;
			productName = FirebaseDatabase;
		};
		86B3F8D42AE6E4CA000F3330 /* FirebaseDatabaseSwift */ = {
			isa = XCSwiftPackageProductDependency;
			package = 86B3F8B92AE6BF7E000F3330 /* XCRemoteSwiftPackageReference "firebase-ios-sdk" */;
			productName = FirebaseDatabaseSwift;
		};
		86B3F8D62AE6E4CA000F3330 /* FirebaseFirestore */ = {
			isa = XCSwiftPackageProductDependency;
			package = 86B3F8B92AE6BF7E000F3330 /* XCRemoteSwiftPackageReference "firebase-ios-sdk" */;
			productName = FirebaseFirestore;
		};
		86B3F8D82AE6E4CA000F3330 /* FirebaseFirestoreSwift */ = {
			isa = XCSwiftPackageProductDependency;
			package = 86B3F8B92AE6BF7E000F3330 /* XCRemoteSwiftPackageReference "firebase-ios-sdk" */;
			productName = FirebaseFirestoreSwift;
		};
		86B3F8DA2AE6E4CA000F3330 /* FirebaseFunctions */ = {
			isa = XCSwiftPackageProductDependency;
			package = 86B3F8B92AE6BF7E000F3330 /* XCRemoteSwiftPackageReference "firebase-ios-sdk" */;
			productName = FirebaseFunctions;
		};
		86B3F8DC2AE6E4CA000F3330 /* FirebasePerformance */ = {
			isa = XCSwiftPackageProductDependency;
			package = 86B3F8B92AE6BF7E000F3330 /* XCRemoteSwiftPackageReference "firebase-ios-sdk" */;
			productName = FirebasePerformance;
		};
		86B3F8DE2AE6E4CA000F3330 /* FirebaseRemoteConfig */ = {
			isa = XCSwiftPackageProductDependency;
			package = 86B3F8B92AE6BF7E000F3330 /* XCRemoteSwiftPackageReference "firebase-ios-sdk" */;
			productName = FirebaseRemoteConfig;
		};
		86B3F8E02AE6E4CA000F3330 /* FirebaseRemoteConfigSwift */ = {
			isa = XCSwiftPackageProductDependency;
			package = 86B3F8B92AE6BF7E000F3330 /* XCRemoteSwiftPackageReference "firebase-ios-sdk" */;
			productName = FirebaseRemoteConfigSwift;
		};
		86B3F8E22AE6E4CA000F3330 /* FirebaseStorage */ = {
			isa = XCSwiftPackageProductDependency;
			package = 86B3F8B92AE6BF7E000F3330 /* XCRemoteSwiftPackageReference "firebase-ios-sdk" */;
			productName = FirebaseStorage;
		};
		86B3F8E42AE6E4CA000F3330 /* FirebaseStorageCombine-Community */ = {
			isa = XCSwiftPackageProductDependency;
			package = 86B3F8B92AE6BF7E000F3330 /* XCRemoteSwiftPackageReference "firebase-ios-sdk" */;
			productName = "FirebaseStorageCombine-Community";
		};
/* End XCSwiftPackageProductDependency section */
	};
	rootObject = 861141252AE2A8F800550521 /* Project object */;
}
